
Microsoft Visual Studio Solution File, Format Version 12.00
# Visual Studio 15
VisualStudioVersion = 15.0.28307.1927
MinimumVisualStudioVersion = 10.0.40219.1
Project("{FAE04EC0-301F-11D3-BF4B-00C04F79EFBC}") = "WebAPI", "WebAPI\WebAPI.csproj", "{31B6037D-E8DC-40D5-A609-7DF3742365F6}"
EndProject
Project("{FAE04EC0-301F-11D3-BF4B-00C04F79EFBC}") = "ConsumindoWebAPI", "ConsumindoWebAPI\ConsumindoWebAPI.csproj", "{91C691B5-FF5A-4E0C-97FE-94907B8D821B}"
EndProject
Global
	GlobalSection(SolutionConfigurationPlatforms) = preSolution
		Debug|Any CPU = Debug|Any CPU
		Release|Any CPU = Release|Any CPU
	EndGlobalSection
	GlobalSection(ProjectConfigurationPlatforms) = postSolution
		{31B6037D-E8DC-40D5-A609-7DF3742365F6}.Debug|Any CPU.ActiveCfg = Debug|Any CPU
		{31B6037D-E8DC-40D5-A609-7DF3742365F6}.Debug|Any CPU.Build.0 = Debug|Any CPU
		{31B6037D-E8DC-40D5-A609-7DF3742365F6}.Release|Any CPU.ActiveCfg = Release|Any CPU
		{31B6037D-E8DC-40D5-A609-7DF3742365F6}.Release|Any CPU.Build.0 = Release|Any CPU
		{91C691B5-FF5A-4E0C-97FE-94907B8D821B}.Debug|Any CPU.ActiveCfg = Debug|Any CPU
		{91C691B5-FF5A-4E0C-97FE-94907B8D821B}.Debug|Any CPU.Build.0 = Debug|Any CPU
		{91C691B5-FF5A-4E0C-97FE-94907B8D821B}.Release|Any CPU.ActiveCfg = Release|Any CPU
		{91C691B5-FF5A-4E0C-97FE-94907B8D821B}.Release|Any CPU.Build.0 = Release|Any CPU
	EndGlobalSection
	GlobalSection(SolutionProperties) = preSolution
		HideSolutionNode = FALSE
	EndGlobalSection
	GlobalSection(ExtensibilityGlobals) = postSolution
		SolutionGuid = {2DE3DF6C-6412-4222-BFFB-13C7167FC8EC}
	EndGlobalSection
EndGlobal
